
Microsoft Visual Studio Solution File, Format Version 12.00
# Visual Studio 15
Project("{FAE04EC0-301F-11D3-BF4B-00C04F79EFBC}") = "ML_HW6", "ML_HW6.csproj", "{02469E5A-B16C-4282-8C5B-C2659D96E989}"
EndProject
Global
	GlobalSection(SolutionConfigurationPlatforms) = preSolution
		Debug|Any CPU = Debug|Any CPU
		Release|Any CPU = Release|Any CPU
	EndGlobalSection
	GlobalSection(ProjectConfigurationPlatforms) = postSolution
		{02469E5A-B16C-4282-8C5B-C2659D96E989}.Debug|Any CPU.ActiveCfg = Debug|Any CPU
		{02469E5A-B16C-4282-8C5B-C2659D96E989}.Debug|Any CPU.Build.0 = Debug|Any CPU
		{02469E5A-B16C-4282-8C5B-C2659D96E989}.Release|Any CPU.ActiveCfg = Release|Any CPU
		{02469E5A-B16C-4282-8C5B-C2659D96E989}.Release|Any CPU.Build.0 = Release|Any CPU
	EndGlobalSection
EndGlobal
